{
    "curler7/api-test-bundle": {
        "version": "dev-master"
    },
    "dama/doctrine-test-bundle": {
        "version": "4.0",
        "recipe": {
            "repo": "github.com/symfony/recipes-contrib",
            "branch": "master",
            "version": "4.0",
            "ref": "56eaa387b5e48ebcc7c95a893b47dfa1ad51449c"
        },
        "files": [
            "config/packages/test/dama_doctrine_test_bundle.yaml"
        ]
    },
    "doctrine/data-fixtures": {
        "version": "1.5.0"
    },
    "doctrine/doctrine-fixtures-bundle": {
        "version": "3.0",
        "recipe": {
            "repo": "github.com/symfony/recipes",
            "branch": "master",
            "version": "3.0",
            "ref": "e5b542d4ef47d8a003c91beb35650c76907f7e53"
        },
        "files": [
            "src/DataFixtures/AppFixtures.php"
        ]
    },
    "justinrainbow/json-schema": {
        "version": "5.2.11"
    },
    "lorenzo/pinky": {
        "version": "1.0.5"
    },
    "symfony/notifier": {
        "version": "5.0",
        "recipe": {
            "repo": "github.com/symfony/recipes",
            "branch": "master",
            "version": "5.0",
            "ref": "c31585e252b32fe0e1f30b1f256af553f4a06eb9"
        },
        "files": [
            "config/packages/notifier.yaml"
        ]
    },
    "symfony/orm-pack": {
        "version": "v2.1.0"
    },
    "symfony/polyfill-uuid": {
        "version": "v1.23.0"
    },
    "symfony/uid": {
        "version": "v5.3.3"
    },
    "tijsverkoyen/css-to-inline-styles": {
        "version": "2.2.3"
    },
    "twig/cssinliner-extra": {
        "version": "v3.3.0"
    },
    "twig/extra-bundle": {
        "version": "v3.3.1"
    },
    "twig/inky-extra": {
        "version": "v3.3.0"
    },
    "twig/markdown-extra": {
        "version": "v3.3.1"
    }
}
