{
    "curler7/api-test-bundle": {
        "version": "dev-master"
    },
    "dama/doctrine-test-bundle": {
        "version": "4.0",
        "recipe": {
            "repo": "github.com/symfony/recipes-contrib",
            "branch": "master",
            "version": "4.0",
            "ref": "56eaa387b5e48ebcc7c95a893b47dfa1ad51449c"
        },
        "files": [
            "config/packages/test/dama_doctrine_test_bundle.yaml"
        ]
    },
    "justinrainbow/json-schema": {
        "version": "5.2.11"
    },
    "symfony/orm-pack": {
        "version": "v2.1.0"
    }
}
